
Microsoft Visual Studio Solution File, Format Version 12.00
# Visual Studio Version 17
VisualStudioVersion = 17.7.34031.279
MinimumVisualStudioVersion = 10.0.40219.1
Project("{FAE04EC0-301F-11D3-BF4B-00C04F79EFBC}") = "InventoryClientApp", "InventoryClientApp\InventoryClientApp.csproj", "{F05A920A-7C7B-4ED1-9B28-85B3DE177222}"
EndProject
Global
	GlobalSection(SolutionConfigurationPlatforms) = preSolution
		Debug|Any CPU = Debug|Any CPU
		Release|Any CPU = Release|Any CPU
	EndGlobalSection
	GlobalSection(ProjectConfigurationPlatforms) = postSolution
		{F05A920A-7C7B-4ED1-9B28-85B3DE177222}.Debug|Any CPU.ActiveCfg = Debug|Any CPU
		{F05A920A-7C7B-4ED1-9B28-85B3DE177222}.Debug|Any CPU.Build.0 = Debug|Any CPU
		{F05A920A-7C7B-4ED1-9B28-85B3DE177222}.Release|Any CPU.ActiveCfg = Release|Any CPU
		{F05A920A-7C7B-4ED1-9B28-85B3DE177222}.Release|Any CPU.Build.0 = Release|Any CPU
	EndGlobalSection
	GlobalSection(SolutionProperties) = preSolution
		HideSolutionNode = FALSE
	EndGlobalSection
	GlobalSection(ExtensibilityGlobals) = postSolution
		SolutionGuid = {91E823A6-0D80-463C-9275-31453132C77F}
	EndGlobalSection
EndGlobal
